
Microsoft Visual Studio Solution File, Format Version 12.00
# Visual Studio Version 16
VisualStudioVersion = 16.0.30413.136
MinimumVisualStudioVersion = 10.0.40219.1
Project("{FAE04EC0-301F-11D3-BF4B-00C04F79EFBC}") = "RWDNUmbracoWebsite", "RWDNUmbracoWebsite\RWDNUmbracoWebsite.csproj", "{151DDC61-FF73-4E04-8CF9-9C94F43DAFD6}"
EndProject
Project("{FAE04EC0-301F-11D3-BF4B-00C04F79EFBC}") = "RWDNUmbracoModels", "RWDNUmbracoModels\RWDNUmbracoModels.csproj", "{4C8DD355-AF09-460F-AFBC-1195664404F5}"
EndProject
Global
	GlobalSection(SolutionConfigurationPlatforms) = preSolution
		Debug|Any CPU = Debug|Any CPU
		Release|Any CPU = Release|Any CPU
	EndGlobalSection
	GlobalSection(ProjectConfigurationPlatforms) = postSolution
		{151DDC61-FF73-4E04-8CF9-9C94F43DAFD6}.Debug|Any CPU.ActiveCfg = Debug|Any CPU
		{151DDC61-FF73-4E04-8CF9-9C94F43DAFD6}.Debug|Any CPU.Build.0 = Debug|Any CPU
		{151DDC61-FF73-4E04-8CF9-9C94F43DAFD6}.Release|Any CPU.ActiveCfg = Release|Any CPU
		{151DDC61-FF73-4E04-8CF9-9C94F43DAFD6}.Release|Any CPU.Build.0 = Release|Any CPU
		{4C8DD355-AF09-460F-AFBC-1195664404F5}.Debug|Any CPU.ActiveCfg = Debug|Any CPU
		{4C8DD355-AF09-460F-AFBC-1195664404F5}.Debug|Any CPU.Build.0 = Debug|Any CPU
		{4C8DD355-AF09-460F-AFBC-1195664404F5}.Release|Any CPU.ActiveCfg = Release|Any CPU
		{4C8DD355-AF09-460F-AFBC-1195664404F5}.Release|Any CPU.Build.0 = Release|Any CPU
	EndGlobalSection
	GlobalSection(SolutionProperties) = preSolution
		HideSolutionNode = FALSE
	EndGlobalSection
	GlobalSection(ExtensibilityGlobals) = postSolution
		SolutionGuid = {B40D7046-23BC-4389-8990-89F03326D4A7}
	EndGlobalSection
EndGlobal
